// !$*UTF8*$!
{
	archiveVersion = 1;
	classes = {
	};
	objectVersion = 56;
	objects = {

/* Begin PBXBuildFile section */
		1F07FFD82BE6B7D900E4DC38 /* DoubleExtension.swift in Sources */ = {isa = PBXBuildFile; fileRef = 1F07FFCD2BE6B7D900E4DC38 /* DoubleExtension.swift */; };
		1F07FFD92BE6B7D900E4DC38 /* LongPressButton.swift in Sources */ = {isa = PBXBuildFile; fileRef = 1F07FFCE2BE6B7D900E4DC38 /* LongPressButton.swift */; };
		1F07FFDA2BE6B7D900E4DC38 /* KeyboardGestures.swift in Sources */ = {isa = PBXBuildFile; fileRef = 1F07FFD02BE6B7D900E4DC38 /* KeyboardGestures.swift */; };
		1F07FFDB2BE6B7D900E4DC38 /* ViewExtension.swift in Sources */ = {isa = PBXBuildFile; fileRef = 1F07FFD12BE6B7D900E4DC38 /* ViewExtension.swift */; };
		1F07FFDC2BE6B7D900E4DC38 /* TextFieldStepper.swift in Sources */ = {isa = PBXBuildFile; fileRef = 1F07FFD32BE6B7D900E4DC38 /* TextFieldStepper.swift */; };
		1F07FFDD2BE6B7D900E4DC38 /* TextFieldStepperConfig.swift in Sources */ = {isa = PBXBuildFile; fileRef = 1F07FFD42BE6B7D900E4DC38 /* TextFieldStepperConfig.swift */; };
		1F07FFDE2BE6B7D900E4DC38 /* TextFieldStepperImage.swift in Sources */ = {isa = PBXBuildFile; fileRef = 1F07FFD52BE6B7D900E4DC38 /* TextFieldStepperImage.swift */; };
		1F0B958A2BF4F0F5002314D2 /* LocalNotification.swift in Sources */ = {isa = PBXBuildFile; fileRef = 1F0B95892BF4F0F5002314D2 /* LocalNotification.swift */; };
		1F0D004A2BCF6BB4004FFD30 /* SampleData.swift in Sources */ = {isa = PBXBuildFile; fileRef = 1F0D00492BCF6BB4004FFD30 /* SampleData.swift */; };
		1F0D6DBF2BE2EB9300758838 /* userSettingsValues.swift in Sources */ = {isa = PBXBuildFile; fileRef = 1F0D6DBE2BE2EB9300758838 /* userSettingsValues.swift */; };
		1F171D782BC2145600AB5DA4 /* hourglassApp.swift in Sources */ = {isa = PBXBuildFile; fileRef = 1F171D772BC2145600AB5DA4 /* hourglassApp.swift */; };
		1F171D7A2BC2145600AB5DA4 /* ContentView.swift in Sources */ = {isa = PBXBuildFile; fileRef = 1F171D792BC2145600AB5DA4 /* ContentView.swift */; };
		1F171D7E2BC2145700AB5DA4 /* Assets.xcassets in Resources */ = {isa = PBXBuildFile; fileRef = 1F171D7D2BC2145700AB5DA4 /* Assets.xcassets */; };
		1F171D822BC2145700AB5DA4 /* Preview Assets.xcassets in Resources */ = {isa = PBXBuildFile; fileRef = 1F171D812BC2145700AB5DA4 /* Preview Assets.xcassets */; };
		1F3858D22BDA48FB00F716D4 /* Colors.swift in Sources */ = {isa = PBXBuildFile; fileRef = 1F3858D12BDA48FB00F716D4 /* Colors.swift */; };
		1F43C0A82BD82C1B001C869D /* EmailController.swift in Sources */ = {isa = PBXBuildFile; fileRef = 1F43C0A72BD82C1B001C869D /* EmailController.swift */; };
		1F7195C62C2DE395003307FA /* editTimeAdd.swift in Sources */ = {isa = PBXBuildFile; fileRef = 1F7195C52C2DE395003307FA /* editTimeAdd.swift */; };
		1F819CDC2BCF4C74003BE519 /* ClientModel.swift in Sources */ = {isa = PBXBuildFile; fileRef = 1F819CDB2BCF4C74003BE519 /* ClientModel.swift */; };
		1F819CDE2BCF55C4003BE519 /* SessionModel.swift in Sources */ = {isa = PBXBuildFile; fileRef = 1F819CDD2BCF55C4003BE519 /* SessionModel.swift */; };
		1F86A9DB2BD4C2DE00718DDA /* EdgeBorder.swift in Sources */ = {isa = PBXBuildFile; fileRef = 1F86A9DA2BD4C2DE00718DDA /* EdgeBorder.swift */; };
		1F86BAE82BE1774B0072CA21 /* ColorSchemeManager.swift in Sources */ = {isa = PBXBuildFile; fileRef = 1F86BAE72BE1774B0072CA21 /* ColorSchemeManager.swift */; };
		1F8F3BDC2BC24F8F00F47F8F /* README.md in Resources */ = {isa = PBXBuildFile; fileRef = 1F8F3BDB2BC24F8F00F47F8F /* README.md */; };
		1F9C16FA2BC961080032AA56 /* flippedUpsideDown.swift in Sources */ = {isa = PBXBuildFile; fileRef = 1F9C16F92BC961080032AA56 /* flippedUpsideDown.swift */; };
		1F9C17042BC9936F0032AA56 /* autoTextContrast.swift in Sources */ = {isa = PBXBuildFile; fileRef = 1F9C17032BC9936F0032AA56 /* autoTextContrast.swift */; };
		1F9C170A2BC997120032AA56 /* timeConversionFunctions.swift in Sources */ = {isa = PBXBuildFile; fileRef = 1F9C17092BC997120032AA56 /* timeConversionFunctions.swift */; };
		1FA629792C2500C8005E5858 /* newTimeAdd.swift in Sources */ = {isa = PBXBuildFile; fileRef = 1FA629782C2500C8005E5858 /* newTimeAdd.swift */; };
		1FA6297B2C250616005E5858 /* showAllAdd.swift in Sources */ = {isa = PBXBuildFile; fileRef = 1FA6297A2C250616005E5858 /* showAllAdd.swift */; };
		1FA6297D2C250624005E5858 /* showAllSessions.swift in Sources */ = {isa = PBXBuildFile; fileRef = 1FA6297C2C250624005E5858 /* showAllSessions.swift */; };
		1FA6297F2C2507EE005E5858 /* alertTimeModal.swift in Sources */ = {isa = PBXBuildFile; fileRef = 1FA6297E2C2507EE005E5858 /* alertTimeModal.swift */; };
		1FA6DE5C2C23712700DD206F /* TimerPage.swift in Sources */ = {isa = PBXBuildFile; fileRef = 1FA6DE5B2C23712700DD206F /* TimerPage.swift */; };
		1FA6DE5E2C23712F00DD206F /* ClientsPage.swift in Sources */ = {isa = PBXBuildFile; fileRef = 1FA6DE5D2C23712F00DD206F /* ClientsPage.swift */; };
		1FA6DE602C23716B00DD206F /* SettingsPage.swift in Sources */ = {isa = PBXBuildFile; fileRef = 1FA6DE5F2C23716B00DD206F /* SettingsPage.swift */; };
		1FA6DE682C23787100DD206F /* showSessionDetails.swift in Sources */ = {isa = PBXBuildFile; fileRef = 1FA6DE672C23787100DD206F /* showSessionDetails.swift */; };
		1FA6DE6D2C23796C00DD206F /* sessionsListItem.swift in Sources */ = {isa = PBXBuildFile; fileRef = 1FA6DE6C2C23796C00DD206F /* sessionsListItem.swift */; };
		1FA6DE6F2C238EAF00DD206F /* newSessionModal.swift in Sources */ = {isa = PBXBuildFile; fileRef = 1FA6DE6E2C238EAF00DD206F /* newSessionModal.swift */; };
		1FB8D6EC2C24BB8400EFFFDE /* showClient.swift in Sources */ = {isa = PBXBuildFile; fileRef = 1FB8D6EB2C24BB8400EFFFDE /* showClient.swift */; };
		1FB8D6EE2C24C0CE00EFFFDE /* newClientModal.swift in Sources */ = {isa = PBXBuildFile; fileRef = 1FB8D6ED2C24C0CE00EFFFDE /* newClientModal.swift */; };
		1FB8D6F02C24C1BF00EFFFDE /* clientsListItem.swift in Sources */ = {isa = PBXBuildFile; fileRef = 1FB8D6EF2C24C1BF00EFFFDE /* clientsListItem.swift */; };
		1FD1DFC72BD42E0600E19500 /* TimeAdditionModel.swift in Sources */ = {isa = PBXBuildFile; fileRef = 1FD1DFC62BD42E0600E19500 /* TimeAdditionModel.swift */; };
		1FD60EF22BD2414C00DE6BA6 /* Launch Screen.storyboard in Resources */ = {isa = PBXBuildFile; fileRef = 1FD60EF12BD2414C00DE6BA6 /* Launch Screen.storyboard */; };
		1FEFD0F82BE7289C00083985 /* LocalNotificationManager.swift in Sources */ = {isa = PBXBuildFile; fileRef = 1FEFD0F72BE7289C00083985 /* LocalNotificationManager.swift */; };
/* End PBXBuildFile section */

/* Begin PBXFileReference section */
		1F07FFCD2BE6B7D900E4DC38 /* DoubleExtension.swift */ = {isa = PBXFileReference; fileEncoding = 4; lastKnownFileType = sourcecode.swift; path = DoubleExtension.swift; sourceTree = "<group>"; };
		1F07FFCE2BE6B7D900E4DC38 /* LongPressButton.swift */ = {isa = PBXFileReference; fileEncoding = 4; lastKnownFileType = sourcecode.swift; path = LongPressButton.swift; sourceTree = "<group>"; };
		1F07FFD02BE6B7D900E4DC38 /* KeyboardGestures.swift */ = {isa = PBXFileReference; fileEncoding = 4; lastKnownFileType = sourcecode.swift; path = KeyboardGestures.swift; sourceTree = "<group>"; };
		1F07FFD12BE6B7D900E4DC38 /* ViewExtension.swift */ = {isa = PBXFileReference; fileEncoding = 4; lastKnownFileType = sourcecode.swift; path = ViewExtension.swift; sourceTree = "<group>"; };
		1F07FFD32BE6B7D900E4DC38 /* TextFieldStepper.swift */ = {isa = PBXFileReference; fileEncoding = 4; lastKnownFileType = sourcecode.swift; path = TextFieldStepper.swift; sourceTree = "<group>"; };
		1F07FFD42BE6B7D900E4DC38 /* TextFieldStepperConfig.swift */ = {isa = PBXFileReference; fileEncoding = 4; lastKnownFileType = sourcecode.swift; path = TextFieldStepperConfig.swift; sourceTree = "<group>"; };
		1F07FFD52BE6B7D900E4DC38 /* TextFieldStepperImage.swift */ = {isa = PBXFileReference; fileEncoding = 4; lastKnownFileType = sourcecode.swift; path = TextFieldStepperImage.swift; sourceTree = "<group>"; };
		1F0B95892BF4F0F5002314D2 /* LocalNotification.swift */ = {isa = PBXFileReference; lastKnownFileType = sourcecode.swift; path = LocalNotification.swift; sourceTree = "<group>"; };
		1F0D00492BCF6BB4004FFD30 /* SampleData.swift */ = {isa = PBXFileReference; lastKnownFileType = sourcecode.swift; path = SampleData.swift; sourceTree = "<group>"; };
		1F0D6DBE2BE2EB9300758838 /* userSettingsValues.swift */ = {isa = PBXFileReference; lastKnownFileType = sourcecode.swift; path = userSettingsValues.swift; sourceTree = "<group>"; };
		1F171D742BC2145600AB5DA4 /* Hourglass.app */ = {isa = PBXFileReference; explicitFileType = wrapper.application; includeInIndex = 0; path = Hourglass.app; sourceTree = BUILT_PRODUCTS_DIR; };
		1F171D772BC2145600AB5DA4 /* hourglassApp.swift */ = {isa = PBXFileReference; indentWidth = 4; lastKnownFileType = sourcecode.swift; path = hourglassApp.swift; sourceTree = "<group>"; tabWidth = 4; };
		1F171D792BC2145600AB5DA4 /* ContentView.swift */ = {isa = PBXFileReference; indentWidth = 4; lastKnownFileType = sourcecode.swift; path = ContentView.swift; sourceTree = "<group>"; tabWidth = 4; };
		1F171D7D2BC2145700AB5DA4 /* Assets.xcassets */ = {isa = PBXFileReference; lastKnownFileType = folder.assetcatalog; path = Assets.xcassets; sourceTree = "<group>"; };
		1F171D7F2BC2145700AB5DA4 /* hourglass.entitlements */ = {isa = PBXFileReference; lastKnownFileType = text.plist.entitlements; path = hourglass.entitlements; sourceTree = "<group>"; };
		1F171D812BC2145700AB5DA4 /* Preview Assets.xcassets */ = {isa = PBXFileReference; lastKnownFileType = folder.assetcatalog; path = "Preview Assets.xcassets"; sourceTree = "<group>"; };
		1F3858D12BDA48FB00F716D4 /* Colors.swift */ = {isa = PBXFileReference; lastKnownFileType = sourcecode.swift; path = Colors.swift; sourceTree = "<group>"; };
		1F43C0A72BD82C1B001C869D /* EmailController.swift */ = {isa = PBXFileReference; lastKnownFileType = sourcecode.swift; path = EmailController.swift; sourceTree = "<group>"; };
		1F7195C52C2DE395003307FA /* editTimeAdd.swift */ = {isa = PBXFileReference; lastKnownFileType = sourcecode.swift; path = editTimeAdd.swift; sourceTree = "<group>"; };
		1F819CDB2BCF4C74003BE519 /* ClientModel.swift */ = {isa = PBXFileReference; lastKnownFileType = sourcecode.swift; path = ClientModel.swift; sourceTree = "<group>"; };
		1F819CDD2BCF55C4003BE519 /* SessionModel.swift */ = {isa = PBXFileReference; lastKnownFileType = sourcecode.swift; path = SessionModel.swift; sourceTree = "<group>"; };
		1F86A9DA2BD4C2DE00718DDA /* EdgeBorder.swift */ = {isa = PBXFileReference; lastKnownFileType = sourcecode.swift; path = EdgeBorder.swift; sourceTree = "<group>"; };
		1F86BAE72BE1774B0072CA21 /* ColorSchemeManager.swift */ = {isa = PBXFileReference; lastKnownFileType = sourcecode.swift; path = ColorSchemeManager.swift; sourceTree = "<group>"; };
		1F8F3BDB2BC24F8F00F47F8F /* README.md */ = {isa = PBXFileReference; fileEncoding = 4; lastKnownFileType = net.daringfireball.markdown; path = README.md; sourceTree = "<group>"; };
		1F9C16F92BC961080032AA56 /* flippedUpsideDown.swift */ = {isa = PBXFileReference; lastKnownFileType = sourcecode.swift; path = flippedUpsideDown.swift; sourceTree = "<group>"; };
		1F9C17032BC9936F0032AA56 /* autoTextContrast.swift */ = {isa = PBXFileReference; lastKnownFileType = sourcecode.swift; path = autoTextContrast.swift; sourceTree = "<group>"; };
		1F9C17092BC997120032AA56 /* timeConversionFunctions.swift */ = {isa = PBXFileReference; lastKnownFileType = sourcecode.swift; path = timeConversionFunctions.swift; sourceTree = "<group>"; };
		1FA629782C2500C8005E5858 /* newTimeAdd.swift */ = {isa = PBXFileReference; lastKnownFileType = sourcecode.swift; path = newTimeAdd.swift; sourceTree = "<group>"; };
		1FA6297A2C250616005E5858 /* showAllAdd.swift */ = {isa = PBXFileReference; lastKnownFileType = sourcecode.swift; path = showAllAdd.swift; sourceTree = "<group>"; };
		1FA6297C2C250624005E5858 /* showAllSessions.swift */ = {isa = PBXFileReference; lastKnownFileType = sourcecode.swift; path = showAllSessions.swift; sourceTree = "<group>"; };
		1FA6297E2C2507EE005E5858 /* alertTimeModal.swift */ = {isa = PBXFileReference; lastKnownFileType = sourcecode.swift; path = alertTimeModal.swift; sourceTree = "<group>"; };
		1FA6DE5B2C23712700DD206F /* TimerPage.swift */ = {isa = PBXFileReference; lastKnownFileType = sourcecode.swift; path = TimerPage.swift; sourceTree = "<group>"; };
		1FA6DE5D2C23712F00DD206F /* ClientsPage.swift */ = {isa = PBXFileReference; lastKnownFileType = sourcecode.swift; path = ClientsPage.swift; sourceTree = "<group>"; };
		1FA6DE5F2C23716B00DD206F /* SettingsPage.swift */ = {isa = PBXFileReference; lastKnownFileType = sourcecode.swift; path = SettingsPage.swift; sourceTree = "<group>"; };
		1FA6DE672C23787100DD206F /* showSessionDetails.swift */ = {isa = PBXFileReference; lastKnownFileType = sourcecode.swift; path = showSessionDetails.swift; sourceTree = "<group>"; };
		1FA6DE6C2C23796C00DD206F /* sessionsListItem.swift */ = {isa = PBXFileReference; lastKnownFileType = sourcecode.swift; path = sessionsListItem.swift; sourceTree = "<group>"; };
		1FA6DE6E2C238EAF00DD206F /* newSessionModal.swift */ = {isa = PBXFileReference; lastKnownFileType = sourcecode.swift; path = newSessionModal.swift; sourceTree = "<group>"; };
		1FB8D6EB2C24BB8400EFFFDE /* showClient.swift */ = {isa = PBXFileReference; lastKnownFileType = sourcecode.swift; path = showClient.swift; sourceTree = "<group>"; };
		1FB8D6ED2C24C0CE00EFFFDE /* newClientModal.swift */ = {isa = PBXFileReference; lastKnownFileType = sourcecode.swift; path = newClientModal.swift; sourceTree = "<group>"; };
		1FB8D6EF2C24C1BF00EFFFDE /* clientsListItem.swift */ = {isa = PBXFileReference; lastKnownFileType = sourcecode.swift; path = clientsListItem.swift; sourceTree = "<group>"; };
		1FD1DFC62BD42E0600E19500 /* TimeAdditionModel.swift */ = {isa = PBXFileReference; lastKnownFileType = sourcecode.swift; path = TimeAdditionModel.swift; sourceTree = "<group>"; };
		1FD60EF12BD2414C00DE6BA6 /* Launch Screen.storyboard */ = {isa = PBXFileReference; lastKnownFileType = file.storyboard; name = "Launch Screen.storyboard"; path = "/Users/hojoon/Downloads/Local/Code-GA/active-dev/hourglass/hourglass/Launch Screen.storyboard"; sourceTree = "<absolute>"; };
		1FEFD0F72BE7289C00083985 /* LocalNotificationManager.swift */ = {isa = PBXFileReference; lastKnownFileType = sourcecode.swift; path = LocalNotificationManager.swift; sourceTree = "<group>"; };
/* End PBXFileReference section */

/* Begin PBXFrameworksBuildPhase section */
		1F171D712BC2145600AB5DA4 /* Frameworks */ = {
			isa = PBXFrameworksBuildPhase;
			buildActionMask = 2147483647;
			files = (
			);
			runOnlyForDeploymentPostprocessing = 0;
		};
/* End PBXFrameworksBuildPhase section */

/* Begin PBXGroup section */
		1F07FFCF2BE6B7D900E4DC38 /* Internal */ = {
			isa = PBXGroup;
			children = (
				1F07FFCD2BE6B7D900E4DC38 /* DoubleExtension.swift */,
				1F07FFCE2BE6B7D900E4DC38 /* LongPressButton.swift */,
			);
			path = Internal;
			sourceTree = "<group>";
		};
		1F07FFD22BE6B7D900E4DC38 /* Keyboard */ = {
			isa = PBXGroup;
			children = (
				1F07FFD02BE6B7D900E4DC38 /* KeyboardGestures.swift */,
				1F07FFD12BE6B7D900E4DC38 /* ViewExtension.swift */,
			);
			path = Keyboard;
			sourceTree = "<group>";
		};
		1F07FFD62BE6B7D900E4DC38 /* TextFieldStepper */ = {
			isa = PBXGroup;
			children = (
				1F07FFCF2BE6B7D900E4DC38 /* Internal */,
				1F07FFD22BE6B7D900E4DC38 /* Keyboard */,
				1F07FFD32BE6B7D900E4DC38 /* TextFieldStepper.swift */,
				1F07FFD42BE6B7D900E4DC38 /* TextFieldStepperConfig.swift */,
				1F07FFD52BE6B7D900E4DC38 /* TextFieldStepperImage.swift */,
			);
			path = TextFieldStepper;
			sourceTree = "<group>";
		};
		1F07FFD72BE6B7D900E4DC38 /* Plugins */ = {
			isa = PBXGroup;
			children = (
				1F07FFD62BE6B7D900E4DC38 /* TextFieldStepper */,
			);
			path = Plugins;
			sourceTree = "<group>";
		};
		1F171D6B2BC2145600AB5DA4 = {
			isa = PBXGroup;
			children = (
				1F171D762BC2145600AB5DA4 /* hourglass */,
				1F171D752BC2145600AB5DA4 /* Products */,
				1F8F3BDB2BC24F8F00F47F8F /* README.md */,
			);
			sourceTree = "<group>";
		};
		1F171D752BC2145600AB5DA4 /* Products */ = {
			isa = PBXGroup;
			children = (
				1F171D742BC2145600AB5DA4 /* Hourglass.app */,
			);
			name = Products;
			sourceTree = "<group>";
		};
		1F171D762BC2145600AB5DA4 /* hourglass */ = {
			isa = PBXGroup;
			children = (
				1F171D8B2BC2153000AB5DA4 /* Constants */,
				1F171D8A2BC214E600AB5DA4 /* Controllers */,
				1F171D892BC214DD00AB5DA4 /* Models */,
				1F171D802BC2145700AB5DA4 /* Preview Content */,
				1F171D882BC2147500AB5DA4 /* Views */,
				1F171D772BC2145600AB5DA4 /* hourglassApp.swift */,
				1F171D7D2BC2145700AB5DA4 /* Assets.xcassets */,
				1F171D7F2BC2145700AB5DA4 /* hourglass.entitlements */,
				1FD60EF12BD2414C00DE6BA6 /* Launch Screen.storyboard */,
			);
			path = hourglass;
			sourceTree = "<group>";
		};
		1F171D802BC2145700AB5DA4 /* Preview Content */ = {
			isa = PBXGroup;
			children = (
				1F171D812BC2145700AB5DA4 /* Preview Assets.xcassets */,
			);
			path = "Preview Content";
			sourceTree = "<group>";
		};
		1F171D882BC2147500AB5DA4 /* Views */ = {
			isa = PBXGroup;
			children = (
				1FA6DE572C2370E600DD206F /* TimerPage */,
				1FA6DE592C2370F900DD206F /* ClientsPage */,
				1FA6DE5A2C2370FB00DD206F /* SettingsPage */,
				1F171D792BC2145600AB5DA4 /* ContentView.swift */,
			);
			path = Views;
			sourceTree = "<group>";
		};
		1F171D892BC214DD00AB5DA4 /* Models */ = {
			isa = PBXGroup;
			children = (
				1F819CDB2BCF4C74003BE519 /* ClientModel.swift */,
				1F819CDD2BCF55C4003BE519 /* SessionModel.swift */,
				1FD1DFC62BD42E0600E19500 /* TimeAdditionModel.swift */,
				1F0B95892BF4F0F5002314D2 /* LocalNotification.swift */,
			);
			path = Models;
			sourceTree = "<group>";
		};
		1F171D8A2BC214E600AB5DA4 /* Controllers */ = {
			isa = PBXGroup;
			children = (
				1F9C16F92BC961080032AA56 /* flippedUpsideDown.swift */,
				1F9C17092BC997120032AA56 /* timeConversionFunctions.swift */,
				1F86BAE72BE1774B0072CA21 /* ColorSchemeManager.swift */,
				1F43C0A72BD82C1B001C869D /* EmailController.swift */,
				1FEFD0F72BE7289C00083985 /* LocalNotificationManager.swift */,
			);
			path = Controllers;
			sourceTree = "<group>";
		};
		1F171D8B2BC2153000AB5DA4 /* Constants */ = {
			isa = PBXGroup;
			children = (
				1F07FFD72BE6B7D900E4DC38 /* Plugins */,
				1F9C17032BC9936F0032AA56 /* autoTextContrast.swift */,
				1F0D00492BCF6BB4004FFD30 /* SampleData.swift */,
				1F86A9DA2BD4C2DE00718DDA /* EdgeBorder.swift */,
				1F3858D12BDA48FB00F716D4 /* Colors.swift */,
				1F0D6DBE2BE2EB9300758838 /* userSettingsValues.swift */,
			);
			path = Constants;
			sourceTree = "<group>";
		};
		1FA6DE572C2370E600DD206F /* TimerPage */ = {
			isa = PBXGroup;
			children = (
				1FA6DE5B2C23712700DD206F /* TimerPage.swift */,
				1FA6DE692C2378EE00DD206F /* Components */,
				1FA6DE612C2371F000DD206F /* Details */,
				1FA6DE622C2371F900DD206F /* Modals */,
			);
			path = TimerPage;
			sourceTree = "<group>";
		};
		1FA6DE592C2370F900DD206F /* ClientsPage */ = {
			isa = PBXGroup;
			children = (
				1FA6DE5D2C23712F00DD206F /* ClientsPage.swift */,
				1FA6DE6A2C23790200DD206F /* Components */,
				1FA6DE642C23720600DD206F /* Details */,
				1FA6DE632C23720600DD206F /* Modals */,
			);
			path = ClientsPage;
			sourceTree = "<group>";
		};
		1FA6DE5A2C2370FB00DD206F /* SettingsPage */ = {
			isa = PBXGroup;
			children = (
				1FA6DE5F2C23716B00DD206F /* SettingsPage.swift */,
				1FA6DE6B2C23790500DD206F /* Components */,
				1FA6DE662C23720800DD206F /* Details */,
				1FA6DE652C23720800DD206F /* Modals */,
			);
			path = SettingsPage;
			sourceTree = "<group>";
		};
		1FA6DE612C2371F000DD206F /* Details */ = {
			isa = PBXGroup;
			children = (
				1FA6DE672C23787100DD206F /* showSessionDetails.swift */,
			);
			path = Details;
			sourceTree = "<group>";
		};
		1FA6DE622C2371F900DD206F /* Modals */ = {
			isa = PBXGroup;
			children = (
				1FA6DE6E2C238EAF00DD206F /* newSessionModal.swift */,
			);
			path = Modals;
			sourceTree = "<group>";
		};
		1FA6DE632C23720600DD206F /* Modals */ = {
			isa = PBXGroup;
			children = (
				1F7195C52C2DE395003307FA /* editTimeAdd.swift */,
				1FB8D6ED2C24C0CE00EFFFDE /* newClientModal.swift */,
				1FA629782C2500C8005E5858 /* newTimeAdd.swift */,
			);
			path = Modals;
			sourceTree = "<group>";
		};
		1FA6DE642C23720600DD206F /* Details */ = {
			isa = PBXGroup;
			children = (
				1FB8D6EB2C24BB8400EFFFDE /* showClient.swift */,
				1FA6297A2C250616005E5858 /* showAllAdd.swift */,
				1FA6297C2C250624005E5858 /* showAllSessions.swift */,
			);
			path = Details;
			sourceTree = "<group>";
		};
		1FA6DE652C23720800DD206F /* Modals */ = {
			isa = PBXGroup;
			children = (
				1FA6297E2C2507EE005E5858 /* alertTimeModal.swift */,
			);
			path = Modals;
			sourceTree = "<group>";
		};
		1FA6DE662C23720800DD206F /* Details */ = {
			isa = PBXGroup;
			children = (
			);
			path = Details;
			sourceTree = "<group>";
		};
		1FA6DE692C2378EE00DD206F /* Components */ = {
			isa = PBXGroup;
			children = (
				1FA6DE6C2C23796C00DD206F /* sessionsListItem.swift */,
			);
			path = Components;
			sourceTree = "<group>";
		};
		1FA6DE6A2C23790200DD206F /* Components */ = {
			isa = PBXGroup;
			children = (
				1FB8D6EF2C24C1BF00EFFFDE /* clientsListItem.swift */,
			);
			path = Components;
			sourceTree = "<group>";
		};
		1FA6DE6B2C23790500DD206F /* Components */ = {
			isa = PBXGroup;
			children = (
			);
			path = Components;
			sourceTree = "<group>";
		};
/* End PBXGroup section */

/* Begin PBXNativeTarget section */
		1F171D732BC2145600AB5DA4 /* Hourglass */ = {
			isa = PBXNativeTarget;
			buildConfigurationList = 1F171D852BC2145800AB5DA4 /* Build configuration list for PBXNativeTarget "Hourglass" */;
			buildPhases = (
				1F171D702BC2145600AB5DA4 /* Sources */,
				1F171D712BC2145600AB5DA4 /* Frameworks */,
				1F171D722BC2145600AB5DA4 /* Resources */,
			);
			buildRules = (
			);
			dependencies = (
			);
			name = Hourglass;
			productName = hourglass;
			productReference = 1F171D742BC2145600AB5DA4 /* Hourglass.app */;
			productType = "com.apple.product-type.application";
		};
/* End PBXNativeTarget section */

/* Begin PBXProject section */
		1F171D6C2BC2145600AB5DA4 /* Project object */ = {
			isa = PBXProject;
			attributes = {
				BuildIndependentTargetsInParallel = 1;
				LastSwiftUpdateCheck = 1530;
				LastUpgradeCheck = 1600;
				TargetAttributes = {
					1F171D732BC2145600AB5DA4 = {
						CreatedOnToolsVersion = 15.3;
					};
				};
			};
			buildConfigurationList = 1F171D6F2BC2145600AB5DA4 /* Build configuration list for PBXProject "Hourglass" */;
			compatibilityVersion = "Xcode 14.0";
			developmentRegion = en;
			hasScannedForEncodings = 0;
			knownRegions = (
				en,
				Base,
			);
			mainGroup = 1F171D6B2BC2145600AB5DA4;
			productRefGroup = 1F171D752BC2145600AB5DA4 /* Products */;
			projectDirPath = "";
			projectRoot = "";
			targets = (
				1F171D732BC2145600AB5DA4 /* Hourglass */,
			);
		};
/* End PBXProject section */

/* Begin PBXResourcesBuildPhase section */
		1F171D722BC2145600AB5DA4 /* Resources */ = {
			isa = PBXResourcesBuildPhase;
			buildActionMask = 2147483647;
			files = (
				1F8F3BDC2BC24F8F00F47F8F /* README.md in Resources */,
				1F171D822BC2145700AB5DA4 /* Preview Assets.xcassets in Resources */,
				1FD60EF22BD2414C00DE6BA6 /* Launch Screen.storyboard in Resources */,
				1F171D7E2BC2145700AB5DA4 /* Assets.xcassets in Resources */,
			);
			runOnlyForDeploymentPostprocessing = 0;
		};
/* End PBXResourcesBuildPhase section */

/* Begin PBXSourcesBuildPhase section */
		1F171D702BC2145600AB5DA4 /* Sources */ = {
			isa = PBXSourcesBuildPhase;
			buildActionMask = 2147483647;
			files = (
				1F171D7A2BC2145600AB5DA4 /* ContentView.swift in Sources */,
				1FA6DE602C23716B00DD206F /* SettingsPage.swift in Sources */,
				1F07FFDD2BE6B7D900E4DC38 /* TextFieldStepperConfig.swift in Sources */,
				1F3858D22BDA48FB00F716D4 /* Colors.swift in Sources */,
				1F07FFDA2BE6B7D900E4DC38 /* KeyboardGestures.swift in Sources */,
				1F9C17042BC9936F0032AA56 /* autoTextContrast.swift in Sources */,
				1F43C0A82BD82C1B001C869D /* EmailController.swift in Sources */,
				1F0B958A2BF4F0F5002314D2 /* LocalNotification.swift in Sources */,
				1F819CDE2BCF55C4003BE519 /* SessionModel.swift in Sources */,
				1F07FFDB2BE6B7D900E4DC38 /* ViewExtension.swift in Sources */,
				1FA6297D2C250624005E5858 /* showAllSessions.swift in Sources */,
				1F07FFDC2BE6B7D900E4DC38 /* TextFieldStepper.swift in Sources */,
				1F819CDC2BCF4C74003BE519 /* ClientModel.swift in Sources */,
				1F171D782BC2145600AB5DA4 /* hourglassApp.swift in Sources */,
				1FB8D6F02C24C1BF00EFFFDE /* clientsListItem.swift in Sources */,
				1F9C170A2BC997120032AA56 /* timeConversionFunctions.swift in Sources */,
				1F86BAE82BE1774B0072CA21 /* ColorSchemeManager.swift in Sources */,
				1FA6DE6D2C23796C00DD206F /* sessionsListItem.swift in Sources */,
				1FD1DFC72BD42E0600E19500 /* TimeAdditionModel.swift in Sources */,
				1FA6297B2C250616005E5858 /* showAllAdd.swift in Sources */,
				1F07FFD82BE6B7D900E4DC38 /* DoubleExtension.swift in Sources */,
				1FA629792C2500C8005E5858 /* newTimeAdd.swift in Sources */,
				1FA6DE6F2C238EAF00DD206F /* newSessionModal.swift in Sources */,
				1FB8D6EE2C24C0CE00EFFFDE /* newClientModal.swift in Sources */,
				1FA6DE5C2C23712700DD206F /* TimerPage.swift in Sources */,
				1F86A9DB2BD4C2DE00718DDA /* EdgeBorder.swift in Sources */,
				1F0D004A2BCF6BB4004FFD30 /* SampleData.swift in Sources */,
				1FA6297F2C2507EE005E5858 /* alertTimeModal.swift in Sources */,
				1F07FFD92BE6B7D900E4DC38 /* LongPressButton.swift in Sources */,
				1FA6DE5E2C23712F00DD206F /* ClientsPage.swift in Sources */,
				1FEFD0F82BE7289C00083985 /* LocalNotificationManager.swift in Sources */,
				1F9C16FA2BC961080032AA56 /* flippedUpsideDown.swift in Sources */,
				1F0D6DBF2BE2EB9300758838 /* userSettingsValues.swift in Sources */,
				1F07FFDE2BE6B7D900E4DC38 /* TextFieldStepperImage.swift in Sources */,
				1FA6DE682C23787100DD206F /* showSessionDetails.swift in Sources */,
				1FB8D6EC2C24BB8400EFFFDE /* showClient.swift in Sources */,
				1F7195C62C2DE395003307FA /* editTimeAdd.swift in Sources */,
			);
			runOnlyForDeploymentPostprocessing = 0;
		};
/* End PBXSourcesBuildPhase section */

/* Begin XCBuildConfiguration section */
		1F171D832BC2145800AB5DA4 /* Debug */ = {
			isa = XCBuildConfiguration;
			buildSettings = {
				ALWAYS_SEARCH_USER_PATHS = NO;
				ASSETCATALOG_COMPILER_GENERATE_SWIFT_ASSET_SYMBOL_EXTENSIONS = YES;
				CLANG_ANALYZER_NONNULL = YES;
				CLANG_ANALYZER_NUMBER_OBJECT_CONVERSION = YES_AGGRESSIVE;
				CLANG_CXX_LANGUAGE_STANDARD = "gnu++20";
				CLANG_ENABLE_MODULES = YES;
				CLANG_ENABLE_OBJC_ARC = YES;
				CLANG_ENABLE_OBJC_WEAK = YES;
				CLANG_WARN_BLOCK_CAPTURE_AUTORELEASING = YES;
				CLANG_WARN_BOOL_CONVERSION = YES;
				CLANG_WARN_COMMA = YES;
				CLANG_WARN_CONSTANT_CONVERSION = YES;
				CLANG_WARN_DEPRECATED_OBJC_IMPLEMENTATIONS = YES;
				CLANG_WARN_DIRECT_OBJC_ISA_USAGE = YES_ERROR;
				CLANG_WARN_DOCUMENTATION_COMMENTS = YES;
				CLANG_WARN_EMPTY_BODY = YES;
				CLANG_WARN_ENUM_CONVERSION = YES;
				CLANG_WARN_INFINITE_RECURSION = YES;
				CLANG_WARN_INT_CONVERSION = YES;
				CLANG_WARN_NON_LITERAL_NULL_CONVERSION = YES;
				CLANG_WARN_OBJC_IMPLICIT_RETAIN_SELF = YES;
				CLANG_WARN_OBJC_LITERAL_CONVERSION = YES;
				CLANG_WARN_OBJC_ROOT_CLASS = YES_ERROR;
				CLANG_WARN_QUOTED_INCLUDE_IN_FRAMEWORK_HEADER = YES;
				CLANG_WARN_RANGE_LOOP_ANALYSIS = YES;
				CLANG_WARN_STRICT_PROTOTYPES = YES;
				CLANG_WARN_SUSPICIOUS_MOVE = YES;
				CLANG_WARN_UNGUARDED_AVAILABILITY = YES_AGGRESSIVE;
				CLANG_WARN_UNREACHABLE_CODE = YES;
				CLANG_WARN__DUPLICATE_METHOD_MATCH = YES;
				COPY_PHASE_STRIP = NO;
				DEAD_CODE_STRIPPING = YES;
				DEBUG_INFORMATION_FORMAT = dwarf;
				ENABLE_STRICT_OBJC_MSGSEND = YES;
				ENABLE_TESTABILITY = YES;
				ENABLE_USER_SCRIPT_SANDBOXING = YES;
				GCC_C_LANGUAGE_STANDARD = gnu17;
				GCC_DYNAMIC_NO_PIC = NO;
				GCC_NO_COMMON_BLOCKS = YES;
				GCC_OPTIMIZATION_LEVEL = 0;
				GCC_PREPROCESSOR_DEFINITIONS = (
					"DEBUG=1",
					"$(inherited)",
				);
				GCC_WARN_64_TO_32_BIT_CONVERSION = YES;
				GCC_WARN_ABOUT_RETURN_TYPE = YES_ERROR;
				GCC_WARN_UNDECLARED_SELECTOR = YES;
				GCC_WARN_UNINITIALIZED_AUTOS = YES_AGGRESSIVE;
				GCC_WARN_UNUSED_FUNCTION = YES;
				GCC_WARN_UNUSED_VARIABLE = YES;
				LOCALIZATION_PREFERS_STRING_CATALOGS = YES;
				MTL_ENABLE_DEBUG_INFO = INCLUDE_SOURCE;
				MTL_FAST_MATH = YES;
				ONLY_ACTIVE_ARCH = YES;
				SWIFT_ACTIVE_COMPILATION_CONDITIONS = "DEBUG $(inherited)";
				SWIFT_OPTIMIZATION_LEVEL = "-Onone";
			};
			name = Debug;
		};
		1F171D842BC2145800AB5DA4 /* Release */ = {
			isa = XCBuildConfiguration;
			buildSettings = {
				ALWAYS_SEARCH_USER_PATHS = NO;
				ASSETCATALOG_COMPILER_GENERATE_SWIFT_ASSET_SYMBOL_EXTENSIONS = YES;
				CLANG_ANALYZER_NONNULL = YES;
				CLANG_ANALYZER_NUMBER_OBJECT_CONVERSION = YES_AGGRESSIVE;
				CLANG_CXX_LANGUAGE_STANDARD = "gnu++20";
				CLANG_ENABLE_MODULES = YES;
				CLANG_ENABLE_OBJC_ARC = YES;
				CLANG_ENABLE_OBJC_WEAK = YES;
				CLANG_WARN_BLOCK_CAPTURE_AUTORELEASING = YES;
				CLANG_WARN_BOOL_CONVERSION = YES;
				CLANG_WARN_COMMA = YES;
				CLANG_WARN_CONSTANT_CONVERSION = YES;
				CLANG_WARN_DEPRECATED_OBJC_IMPLEMENTATIONS = YES;
				CLANG_WARN_DIRECT_OBJC_ISA_USAGE = YES_ERROR;
				CLANG_WARN_DOCUMENTATION_COMMENTS = YES;
				CLANG_WARN_EMPTY_BODY = YES;
				CLANG_WARN_ENUM_CONVERSION = YES;
				CLANG_WARN_INFINITE_RECURSION = YES;
				CLANG_WARN_INT_CONVERSION = YES;
				CLANG_WARN_NON_LITERAL_NULL_CONVERSION = YES;
				CLANG_WARN_OBJC_IMPLICIT_RETAIN_SELF = YES;
				CLANG_WARN_OBJC_LITERAL_CONVERSION = YES;
				CLANG_WARN_OBJC_ROOT_CLASS = YES_ERROR;
				CLANG_WARN_QUOTED_INCLUDE_IN_FRAMEWORK_HEADER = YES;
				CLANG_WARN_RANGE_LOOP_ANALYSIS = YES;
				CLANG_WARN_STRICT_PROTOTYPES = YES;
				CLANG_WARN_SUSPICIOUS_MOVE = YES;
				CLANG_WARN_UNGUARDED_AVAILABILITY = YES_AGGRESSIVE;
				CLANG_WARN_UNREACHABLE_CODE = YES;
				CLANG_WARN__DUPLICATE_METHOD_MATCH = YES;
				COPY_PHASE_STRIP = NO;
				DEAD_CODE_STRIPPING = YES;
				DEBUG_INFORMATION_FORMAT = "dwarf-with-dsym";
				ENABLE_NS_ASSERTIONS = NO;
				ENABLE_STRICT_OBJC_MSGSEND = YES;
				ENABLE_USER_SCRIPT_SANDBOXING = YES;
				GCC_C_LANGUAGE_STANDARD = gnu17;
				GCC_NO_COMMON_BLOCKS = YES;
				GCC_WARN_64_TO_32_BIT_CONVERSION = YES;
				GCC_WARN_ABOUT_RETURN_TYPE = YES_ERROR;
				GCC_WARN_UNDECLARED_SELECTOR = YES;
				GCC_WARN_UNINITIALIZED_AUTOS = YES_AGGRESSIVE;
				GCC_WARN_UNUSED_FUNCTION = YES;
				GCC_WARN_UNUSED_VARIABLE = YES;
				LOCALIZATION_PREFERS_STRING_CATALOGS = YES;
				MTL_ENABLE_DEBUG_INFO = NO;
				MTL_FAST_MATH = YES;
				SWIFT_COMPILATION_MODE = wholemodule;
			};
			name = Release;
		};
		1F171D862BC2145800AB5DA4 /* Debug */ = {
			isa = XCBuildConfiguration;
			buildSettings = {
				ASSETCATALOG_COMPILER_APPICON_NAME = AppIcon;
				ASSETCATALOG_COMPILER_GLOBAL_ACCENT_COLOR_NAME = AccentColor;
				CODE_SIGN_ENTITLEMENTS = hourglass/hourglass.entitlements;
				CODE_SIGN_STYLE = Automatic;
				CURRENT_PROJECT_VERSION = 1;
				DEAD_CODE_STRIPPING = YES;
				DEVELOPMENT_ASSET_PATHS = "\"hourglass/Preview Content\"";
				DEVELOPMENT_TEAM = 28L3Z65Q8R;
				ENABLE_PREVIEWS = YES;
				GENERATE_INFOPLIST_FILE = YES;
				INFOPLIST_KEY_CFBundleDisplayName = Hourglass;
				INFOPLIST_KEY_LSApplicationCategoryType = "public.app-category.productivity";
				"INFOPLIST_KEY_UIApplicationSceneManifest_Generation[sdk=iphoneos*]" = YES;
				"INFOPLIST_KEY_UIApplicationSceneManifest_Generation[sdk=iphonesimulator*]" = YES;
				"INFOPLIST_KEY_UIApplicationSupportsIndirectInputEvents[sdk=iphoneos*]" = YES;
				"INFOPLIST_KEY_UIApplicationSupportsIndirectInputEvents[sdk=iphonesimulator*]" = YES;
				"INFOPLIST_KEY_UILaunchScreen_Generation[sdk=iphoneos*]" = YES;
				"INFOPLIST_KEY_UILaunchScreen_Generation[sdk=iphonesimulator*]" = YES;
				INFOPLIST_KEY_UILaunchStoryboardName = "Launch Screen.storyboard";
				"INFOPLIST_KEY_UIStatusBarStyle[sdk=iphoneos*]" = UIStatusBarStyleDefault;
				"INFOPLIST_KEY_UIStatusBarStyle[sdk=iphonesimulator*]" = UIStatusBarStyleDefault;
				INFOPLIST_KEY_UISupportedInterfaceOrientations = UIInterfaceOrientationPortrait;
				INFOPLIST_KEY_UISupportedInterfaceOrientations_iPad = "UIInterfaceOrientationLandscapeLeft UIInterfaceOrientationLandscapeRight UIInterfaceOrientationPortrait UIInterfaceOrientationPortraitUpsideDown";
				IPHONEOS_DEPLOYMENT_TARGET = 17.0;
				LD_RUNPATH_SEARCH_PATHS = "@executable_path/Frameworks";
				"LD_RUNPATH_SEARCH_PATHS[sdk=macosx*]" = "@executable_path/../Frameworks";
				MACOSX_DEPLOYMENT_TARGET = 14.0;
				MARKETING_VERSION = 1.0;
				PRODUCT_BUNDLE_IDENTIFIER = "Hojoon-Kim.hourglass";
				PRODUCT_NAME = "$(TARGET_NAME)";
				SDKROOT = auto;
				SUPPORTED_PLATFORMS = "iphoneos iphonesimulator xros xrsimulator";
				SUPPORTS_MACCATALYST = NO;
				SWIFT_EMIT_LOC_STRINGS = YES;
				SWIFT_VERSION = 5.0;
				TARGETED_DEVICE_FAMILY = "1,2,7";
				XROS_DEPLOYMENT_TARGET = 1.0;
			};
			name = Debug;
		};
		1F171D872BC2145800AB5DA4 /* Release */ = {
			isa = XCBuildConfiguration;
			buildSettings = {
				ASSETCATALOG_COMPILER_APPICON_NAME = AppIcon;
				ASSETCATALOG_COMPILER_GLOBAL_ACCENT_COLOR_NAME = AccentColor;
				CODE_SIGN_ENTITLEMENTS = hourglass/hourglass.entitlements;
				CODE_SIGN_STYLE = Automatic;
				CURRENT_PROJECT_VERSION = 1;
				DEAD_CODE_STRIPPING = YES;
				DEVELOPMENT_ASSET_PATHS = "\"hourglass/Preview Content\"";
				DEVELOPMENT_TEAM = 28L3Z65Q8R;
				ENABLE_PREVIEWS = YES;
				GENERATE_INFOPLIST_FILE = YES;
				INFOPLIST_KEY_CFBundleDisplayName = Hourglass;
				INFOPLIST_KEY_LSApplicationCategoryType = "public.app-category.productivity";
				"INFOPLIST_KEY_UIApplicationSceneManifest_Generation[sdk=iphoneos*]" = YES;
				"INFOPLIST_KEY_UIApplicationSceneManifest_Generation[sdk=iphonesimulator*]" = YES;
				"INFOPLIST_KEY_UIApplicationSupportsIndirectInputEvents[sdk=iphoneos*]" = YES;
				"INFOPLIST_KEY_UIApplicationSupportsIndirectInputEvents[sdk=iphonesimulator*]" = YES;
				"INFOPLIST_KEY_UILaunchScreen_Generation[sdk=iphoneos*]" = YES;
				"INFOPLIST_KEY_UILaunchScreen_Generation[sdk=iphonesimulator*]" = YES;
				INFOPLIST_KEY_UILaunchStoryboardName = "Launch Screen.storyboard";
				"INFOPLIST_KEY_UIStatusBarStyle[sdk=iphoneos*]" = UIStatusBarStyleDefault;
				"INFOPLIST_KEY_UIStatusBarStyle[sdk=iphonesimulator*]" = UIStatusBarStyleDefault;
				INFOPLIST_KEY_UISupportedInterfaceOrientations = UIInterfaceOrientationPortrait;
				INFOPLIST_KEY_UISupportedInterfaceOrientations_iPad = "UIInterfaceOrientationLandscapeLeft UIInterfaceOrientationLandscapeRight UIInterfaceOrientationPortrait UIInterfaceOrientationPortraitUpsideDown";
				IPHONEOS_DEPLOYMENT_TARGET = 17.0;
				LD_RUNPATH_SEARCH_PATHS = "@executable_path/Frameworks";
				"LD_RUNPATH_SEARCH_PATHS[sdk=macosx*]" = "@executable_path/../Frameworks";
				MACOSX_DEPLOYMENT_TARGET = 14.0;
				MARKETING_VERSION = 1.0;
				PRODUCT_BUNDLE_IDENTIFIER = "Hojoon-Kim.hourglass";
				PRODUCT_NAME = "$(TARGET_NAME)";
				SDKROOT = auto;
				SUPPORTED_PLATFORMS = "iphoneos iphonesimulator xros xrsimulator";
				SUPPORTS_MACCATALYST = NO;
				SWIFT_EMIT_LOC_STRINGS = YES;
				SWIFT_VERSION = 5.0;
				TARGETED_DEVICE_FAMILY = "1,2,7";
				XROS_DEPLOYMENT_TARGET = 1.0;
			};
			name = Release;
		};
/* End XCBuildConfiguration section */

/* Begin XCConfigurationList section */
		1F171D6F2BC2145600AB5DA4 /* Build configuration list for PBXProject "Hourglass" */ = {
			isa = XCConfigurationList;
			buildConfigurations = (
				1F171D832BC2145800AB5DA4 /* Debug */,
				1F171D842BC2145800AB5DA4 /* Release */,
			);
			defaultConfigurationIsVisible = 0;
			defaultConfigurationName = Release;
		};
		1F171D852BC2145800AB5DA4 /* Build configuration list for PBXNativeTarget "Hourglass" */ = {
			isa = XCConfigurationList;
			buildConfigurations = (
				1F171D862BC2145800AB5DA4 /* Debug */,
				1F171D872BC2145800AB5DA4 /* Release */,
			);
			defaultConfigurationIsVisible = 0;
			defaultConfigurationName = Release;
		};
/* End XCConfigurationList section */
	};
	rootObject = 1F171D6C2BC2145600AB5DA4 /* Project object */;
}
